
Microsoft Visual Studio Solution File, Format Version 12.00
# Visual Studio Version 16
VisualStudioVersion = 16.0.32126.315
MinimumVisualStudioVersion = 10.0.40219.1
Project("{9A19103F-16F7-4668-BE54-9A1E7A4F7556}") = "T7Installer", "T7Installer\T7Installer.csproj", "{DC732605-4CA9-416D-97C2-DC8100A9C343}"
EndProject
Project("{FAE04EC0-301F-11D3-BF4B-00C04F79EFBC}") = "DevInjector", "DevInjector\DevInjector.csproj", "{EEC23205-697E-4BDD-82D7-F5C42730A788}"
EndProject
Global
	GlobalSection(SolutionConfigurationPlatforms) = preSolution
		Debug|Any CPU = Debug|Any CPU
		Release|Any CPU = Release|Any CPU
	EndGlobalSection
	GlobalSection(ProjectConfigurationPlatforms) = postSolution
		{DC732605-4CA9-416D-97C2-DC8100A9C343}.Debug|Any CPU.ActiveCfg = Debug|Any CPU
		{DC732605-4CA9-416D-97C2-DC8100A9C343}.Debug|Any CPU.Build.0 = Debug|Any CPU
		{DC732605-4CA9-416D-97C2-DC8100A9C343}.Release|Any CPU.ActiveCfg = Release|Any CPU
		{DC732605-4CA9-416D-97C2-DC8100A9C343}.Release|Any CPU.Build.0 = Release|Any CPU
		{EEC23205-697E-4BDD-82D7-F5C42730A788}.Debug|Any CPU.ActiveCfg = Debug|Any CPU
		{EEC23205-697E-4BDD-82D7-F5C42730A788}.Debug|Any CPU.Build.0 = Debug|Any CPU
		{EEC23205-697E-4BDD-82D7-F5C42730A788}.Release|Any CPU.ActiveCfg = Release|Any CPU
		{EEC23205-697E-4BDD-82D7-F5C42730A788}.Release|Any CPU.Build.0 = Release|Any CPU
	EndGlobalSection
	GlobalSection(SolutionProperties) = preSolution
		HideSolutionNode = FALSE
	EndGlobalSection
	GlobalSection(ExtensibilityGlobals) = postSolution
		SolutionGuid = {8D947A25-91B1-434B-8CA2-848BBFEE9D35}
	EndGlobalSection
EndGlobal
