
Microsoft Visual Studio Solution File, Format Version 12.00
# Visual Studio Version 16
VisualStudioVersion = 16.0.32106.194
MinimumVisualStudioVersion = 10.0.40219.1
Project("{FAE04EC0-301F-11D3-BF4B-00C04F79EFBC}") = "T7 Compiler Ui", "Infinity Loader 3.0\T7 Compiler Ui.csproj", "{1E275956-7B29-4061-8EF3-F474C2DA42FE}"
EndProject
Global
	GlobalSection(SolutionConfigurationPlatforms) = preSolution
		Debug|Any CPU = Debug|Any CPU
		Release|Any CPU = Release|Any CPU
	EndGlobalSection
	GlobalSection(ProjectConfigurationPlatforms) = postSolution
		{1E275956-7B29-4061-8EF3-F474C2DA42FE}.Debug|Any CPU.ActiveCfg = Debug|Any CPU
		{1E275956-7B29-4061-8EF3-F474C2DA42FE}.Debug|Any CPU.Build.0 = Debug|Any CPU
		{1E275956-7B29-4061-8EF3-F474C2DA42FE}.Release|Any CPU.ActiveCfg = Release|Any CPU
		{1E275956-7B29-4061-8EF3-F474C2DA42FE}.Release|Any CPU.Build.0 = Release|Any CPU
	EndGlobalSection
	GlobalSection(SolutionProperties) = preSolution
		HideSolutionNode = FALSE
	EndGlobalSection
	GlobalSection(ExtensibilityGlobals) = postSolution
		SolutionGuid = {E9053DCF-C77F-4296-A174-EFA3A717AD95}
	EndGlobalSection
EndGlobal
